
Microsoft Visual Studio Solution File, Format Version 12.00
# Visual Studio Version 17
VisualStudioVersion = 17.9.34728.123
MinimumVisualStudioVersion = 10.0.40219.1
Project("{FAE04EC0-301F-11D3-BF4B-00C04F79EFBC}") = "Baigiamasis", "Baigiamasis.csproj", "{C7F2591F-999C-4A03-994B-67B599042758}"
EndProject
Global
	GlobalSection(SolutionConfigurationPlatforms) = preSolution
		Debug|Any CPU = Debug|Any CPU
		Release|Any CPU = Release|Any CPU
	EndGlobalSection
	GlobalSection(ProjectConfigurationPlatforms) = postSolution
		{C7F2591F-999C-4A03-994B-67B599042758}.Debug|Any CPU.ActiveCfg = Debug|Any CPU
		{C7F2591F-999C-4A03-994B-67B599042758}.Debug|Any CPU.Build.0 = Debug|Any CPU
		{C7F2591F-999C-4A03-994B-67B599042758}.Release|Any CPU.ActiveCfg = Release|Any CPU
		{C7F2591F-999C-4A03-994B-67B599042758}.Release|Any CPU.Build.0 = Release|Any CPU
	EndGlobalSection
	GlobalSection(SolutionProperties) = preSolution
		HideSolutionNode = FALSE
	EndGlobalSection
	GlobalSection(ExtensibilityGlobals) = postSolution
		SolutionGuid = {532BF6CE-ECB9-4EA1-A8CA-9C9E96AFC7DC}
	EndGlobalSection
EndGlobal
